
Microsoft Visual Studio Solution File, Format Version 12.00
# Visual Studio Version 17
VisualStudioVersion = 17.11.35303.130
MinimumVisualStudioVersion = 10.0.40219.1
Project("{FAE04EC0-301F-11D3-BF4B-00C04F79EFBC}") = "HornetSecurityFileTransfer", "HornetSecurityFileTransfer.csproj", "{1E3CF628-B3D8-4E2C-A272-2E1297C5FB52}"
EndProject
Global
	GlobalSection(SolutionConfigurationPlatforms) = preSolution
		Debug|Any CPU = Debug|Any CPU
		Release|Any CPU = Release|Any CPU
	EndGlobalSection
	GlobalSection(ProjectConfigurationPlatforms) = postSolution
		{1E3CF628-B3D8-4E2C-A272-2E1297C5FB52}.Debug|Any CPU.ActiveCfg = Debug|Any CPU
		{1E3CF628-B3D8-4E2C-A272-2E1297C5FB52}.Debug|Any CPU.Build.0 = Debug|Any CPU
		{1E3CF628-B3D8-4E2C-A272-2E1297C5FB52}.Release|Any CPU.ActiveCfg = Release|Any CPU
		{1E3CF628-B3D8-4E2C-A272-2E1297C5FB52}.Release|Any CPU.Build.0 = Release|Any CPU
	EndGlobalSection
	GlobalSection(SolutionProperties) = preSolution
		HideSolutionNode = FALSE
	EndGlobalSection
	GlobalSection(ExtensibilityGlobals) = postSolution
		SolutionGuid = {4565178B-334D-4A77-A351-BF1E6A05738D}
	EndGlobalSection
EndGlobal
